
Microsoft Visual Studio Solution File, Format Version 12.00
# Visual Studio Version 16
VisualStudioVersion = 16.0.33423.256
MinimumVisualStudioVersion = 10.0.40219.1
Project("{FAE04EC0-301F-11D3-BF4B-00C04F79EFBC}") = "SolucionTDS", "SolucionTDS\SolucionTDS.csproj", "{E1151184-45A1-4582-9116-A5A5BCF81076}"
EndProject
Project("{FAE04EC0-301F-11D3-BF4B-00C04F79EFBC}") = "ProyectoConsola2", "ProyectoConsola2\ProyectoConsola2.csproj", "{6CCC1C83-944C-4F7F-A244-C56E0216FB8B}"
EndProject
Project("{FAE04EC0-301F-11D3-BF4B-00C04F79EFBC}") = "AuthTests", "AuthTests\AuthTests.csproj", "{C8F04213-0AA7-490E-B20A-4344CF9FE7BA}"
EndProject
Global
	GlobalSection(SolutionConfigurationPlatforms) = preSolution
		Debug|Any CPU = Debug|Any CPU
		Release|Any CPU = Release|Any CPU
	EndGlobalSection
	GlobalSection(ProjectConfigurationPlatforms) = postSolution
		{E1151184-45A1-4582-9116-A5A5BCF81076}.Debug|Any CPU.ActiveCfg = Debug|Any CPU
		{E1151184-45A1-4582-9116-A5A5BCF81076}.Debug|Any CPU.Build.0 = Debug|Any CPU
		{E1151184-45A1-4582-9116-A5A5BCF81076}.Release|Any CPU.ActiveCfg = Release|Any CPU
		{E1151184-45A1-4582-9116-A5A5BCF81076}.Release|Any CPU.Build.0 = Release|Any CPU
		{6CCC1C83-944C-4F7F-A244-C56E0216FB8B}.Debug|Any CPU.ActiveCfg = Debug|Any CPU
		{6CCC1C83-944C-4F7F-A244-C56E0216FB8B}.Debug|Any CPU.Build.0 = Debug|Any CPU
		{6CCC1C83-944C-4F7F-A244-C56E0216FB8B}.Release|Any CPU.ActiveCfg = Release|Any CPU
		{6CCC1C83-944C-4F7F-A244-C56E0216FB8B}.Release|Any CPU.Build.0 = Release|Any CPU
		{C8F04213-0AA7-490E-B20A-4344CF9FE7BA}.Debug|Any CPU.ActiveCfg = Debug|Any CPU
		{C8F04213-0AA7-490E-B20A-4344CF9FE7BA}.Debug|Any CPU.Build.0 = Debug|Any CPU
		{C8F04213-0AA7-490E-B20A-4344CF9FE7BA}.Release|Any CPU.ActiveCfg = Release|Any CPU
		{C8F04213-0AA7-490E-B20A-4344CF9FE7BA}.Release|Any CPU.Build.0 = Release|Any CPU
	EndGlobalSection
	GlobalSection(SolutionProperties) = preSolution
		HideSolutionNode = FALSE
	EndGlobalSection
	GlobalSection(ExtensibilityGlobals) = postSolution
		SolutionGuid = {554E2ABE-BB46-4F23-9B18-DBD5EBC09548}
	EndGlobalSection
EndGlobal
